
Microsoft Visual Studio Solution File, Format Version 12.00
# Visual Studio Version 16
VisualStudioVersion = 16.0.29806.167
MinimumVisualStudioVersion = 10.0.40219.1
Project("{FAE04EC0-301F-11D3-BF4B-00C04F79EFBC}") = "GeoMesh", "GeoMesh\GeoMesh.csproj", "{C2A44596-32B4-4724-BCE7-2CC8033BDE83}"
EndProject
Project("{FAE04EC0-301F-11D3-BF4B-00C04F79EFBC}") = "GeoMeshGUI", "GeoMeshGUI\GeoMeshGUI.csproj", "{58EAF022-EDA5-4D65-8295-DD7C48166516}"
EndProject
Global
	GlobalSection(SolutionConfigurationPlatforms) = preSolution
		Debug|Any CPU = Debug|Any CPU
		Release|Any CPU = Release|Any CPU
	EndGlobalSection
	GlobalSection(ProjectConfigurationPlatforms) = postSolution
		{C2A44596-32B4-4724-BCE7-2CC8033BDE83}.Debug|Any CPU.ActiveCfg = Debug|Any CPU
		{C2A44596-32B4-4724-BCE7-2CC8033BDE83}.Debug|Any CPU.Build.0 = Debug|Any CPU
		{C2A44596-32B4-4724-BCE7-2CC8033BDE83}.Release|Any CPU.ActiveCfg = Release|Any CPU
		{C2A44596-32B4-4724-BCE7-2CC8033BDE83}.Release|Any CPU.Build.0 = Release|Any CPU
		{58EAF022-EDA5-4D65-8295-DD7C48166516}.Debug|Any CPU.ActiveCfg = Debug|Any CPU
		{58EAF022-EDA5-4D65-8295-DD7C48166516}.Debug|Any CPU.Build.0 = Debug|Any CPU
		{58EAF022-EDA5-4D65-8295-DD7C48166516}.Release|Any CPU.ActiveCfg = Release|Any CPU
		{58EAF022-EDA5-4D65-8295-DD7C48166516}.Release|Any CPU.Build.0 = Release|Any CPU
	EndGlobalSection
	GlobalSection(SolutionProperties) = preSolution
		HideSolutionNode = FALSE
	EndGlobalSection
	GlobalSection(ExtensibilityGlobals) = postSolution
		SolutionGuid = {8959519C-A59B-4A2C-95BA-BD26D1488974}
	EndGlobalSection
EndGlobal
